
Microsoft Visual Studio Solution File, Format Version 12.00
# Visual Studio Version 17
VisualStudioVersion = 17.3.32819.101
MinimumVisualStudioVersion = 10.0.40219.1
Project("{FAE04EC0-301F-11D3-BF4B-00C04F79EFBC}") = "Uppgift 3.16", "Uppgift 3.16\Uppgift 3.16.csproj", "{43DF18CE-0A72-4AE1-A54A-41CBD8C54C65}"
EndProject
Global
	GlobalSection(SolutionConfigurationPlatforms) = preSolution
		Debug|Any CPU = Debug|Any CPU
		Release|Any CPU = Release|Any CPU
	EndGlobalSection
	GlobalSection(ProjectConfigurationPlatforms) = postSolution
		{43DF18CE-0A72-4AE1-A54A-41CBD8C54C65}.Debug|Any CPU.ActiveCfg = Debug|Any CPU
		{43DF18CE-0A72-4AE1-A54A-41CBD8C54C65}.Debug|Any CPU.Build.0 = Debug|Any CPU
		{43DF18CE-0A72-4AE1-A54A-41CBD8C54C65}.Release|Any CPU.ActiveCfg = Release|Any CPU
		{43DF18CE-0A72-4AE1-A54A-41CBD8C54C65}.Release|Any CPU.Build.0 = Release|Any CPU
	EndGlobalSection
	GlobalSection(SolutionProperties) = preSolution
		HideSolutionNode = FALSE
	EndGlobalSection
	GlobalSection(ExtensibilityGlobals) = postSolution
		SolutionGuid = {5ADBAC24-3394-4033-B5C2-021D3B447C44}
	EndGlobalSection
EndGlobal
